{
  "name": "my_friend",
  "version": "1.0.0",
  "lockfileVersion": 1,
  "requires": true,
  "dependencies": {
    "ssml-builder": {
      "version": "0.4.3",
      "resolved": "https://registry.npmjs.org/ssml-builder/-/ssml-builder-0.4.3.tgz",
      "integrity": "sha1-QMX3GlQViOzcGumYfEjrEhIsxj0="
    }
  }
}
